// !$*UTF8*$!
{
	archiveVersion = 1;
	classes = {
	};
	objectVersion = 55;
	objects = {

/* Begin PBXBuildFile section */
		8B31073C27DE29AB00756261 /* UIColor+.swift in Sources */ = {isa = PBXBuildFile; fileRef = 8B31073B27DE29AB00756261 /* UIColor+.swift */; };
		8B31073E27DE371300756261 /* SignUpViewController.swift in Sources */ = {isa = PBXBuildFile; fileRef = 8B31073D27DE371300756261 /* SignUpViewController.swift */; };
		8B31074027DE789800756261 /* AuthButton.swift in Sources */ = {isa = PBXBuildFile; fileRef = 8B31073F27DE789800756261 /* AuthButton.swift */; };
		8BA130F527DCFB050073E8A2 /* AppDelegate.swift in Sources */ = {isa = PBXBuildFile; fileRef = 8BA130F427DCFB050073E8A2 /* AppDelegate.swift */; };
		8BA130F727DCFB050073E8A2 /* SceneDelegate.swift in Sources */ = {isa = PBXBuildFile; fileRef = 8BA130F627DCFB050073E8A2 /* SceneDelegate.swift */; };
		8BA130FC27DCFB050073E8A2 /* Main.storyboard in Resources */ = {isa = PBXBuildFile; fileRef = 8BA130FA27DCFB050073E8A2 /* Main.storyboard */; };
		8BA130FE27DCFB060073E8A2 /* Assets.xcassets in Resources */ = {isa = PBXBuildFile; fileRef = 8BA130FD27DCFB060073E8A2 /* Assets.xcassets */; };
		8BA1310127DCFB060073E8A2 /* LaunchScreen.storyboard in Resources */ = {isa = PBXBuildFile; fileRef = 8BA130FF27DCFB060073E8A2 /* LaunchScreen.storyboard */; };
		8BA1310E27DCFCC40073E8A2 /* LoginViewController.swift in Sources */ = {isa = PBXBuildFile; fileRef = 8BA1310D27DCFCC40073E8A2 /* LoginViewController.swift */; };
		8BA1311127DD21300073E8A2 /* UIView+.swift in Sources */ = {isa = PBXBuildFile; fileRef = 8BA1311027DD21300073E8A2 /* UIView+.swift */; };
		8BA1311327DD3CA80073E8A2 /* UITextField+.swift in Sources */ = {isa = PBXBuildFile; fileRef = 8BA1311227DD3CA80073E8A2 /* UITextField+.swift */; };
/* End PBXBuildFile section */

/* Begin PBXFileReference section */
		8B31073B27DE29AB00756261 /* UIColor+.swift */ = {isa = PBXFileReference; lastKnownFileType = sourcecode.swift; path = "UIColor+.swift"; sourceTree = "<group>"; };
		8B31073D27DE371300756261 /* SignUpViewController.swift */ = {isa = PBXFileReference; lastKnownFileType = sourcecode.swift; path = SignUpViewController.swift; sourceTree = "<group>"; };
		8B31073F27DE789800756261 /* AuthButton.swift */ = {isa = PBXFileReference; lastKnownFileType = sourcecode.swift; path = AuthButton.swift; sourceTree = "<group>"; };
		8BA130F127DCFB050073E8A2 /* UberClone.app */ = {isa = PBXFileReference; explicitFileType = wrapper.application; includeInIndex = 0; path = UberClone.app; sourceTree = BUILT_PRODUCTS_DIR; };
		8BA130F427DCFB050073E8A2 /* AppDelegate.swift */ = {isa = PBXFileReference; lastKnownFileType = sourcecode.swift; path = AppDelegate.swift; sourceTree = "<group>"; };
		8BA130F627DCFB050073E8A2 /* SceneDelegate.swift */ = {isa = PBXFileReference; lastKnownFileType = sourcecode.swift; path = SceneDelegate.swift; sourceTree = "<group>"; };
		8BA130FB27DCFB050073E8A2 /* Base */ = {isa = PBXFileReference; lastKnownFileType = file.storyboard; name = Base; path = Base.lproj/Main.storyboard; sourceTree = "<group>"; };
		8BA130FD27DCFB060073E8A2 /* Assets.xcassets */ = {isa = PBXFileReference; lastKnownFileType = folder.assetcatalog; path = Assets.xcassets; sourceTree = "<group>"; };
		8BA1310027DCFB060073E8A2 /* Base */ = {isa = PBXFileReference; lastKnownFileType = file.storyboard; name = Base; path = Base.lproj/LaunchScreen.storyboard; sourceTree = "<group>"; };
		8BA1310227DCFB060073E8A2 /* Info.plist */ = {isa = PBXFileReference; lastKnownFileType = text.plist.xml; path = Info.plist; sourceTree = "<group>"; };
		8BA1310D27DCFCC40073E8A2 /* LoginViewController.swift */ = {isa = PBXFileReference; lastKnownFileType = sourcecode.swift; path = LoginViewController.swift; sourceTree = "<group>"; };
		8BA1311027DD21300073E8A2 /* UIView+.swift */ = {isa = PBXFileReference; lastKnownFileType = sourcecode.swift; path = "UIView+.swift"; sourceTree = "<group>"; };
		8BA1311227DD3CA80073E8A2 /* UITextField+.swift */ = {isa = PBXFileReference; lastKnownFileType = sourcecode.swift; path = "UITextField+.swift"; sourceTree = "<group>"; };
/* End PBXFileReference section */

/* Begin PBXFrameworksBuildPhase section */
		8BA130EE27DCFB050073E8A2 /* Frameworks */ = {
			isa = PBXFrameworksBuildPhase;
			buildActionMask = 2147483647;
			files = (
			);
			runOnlyForDeploymentPostprocessing = 0;
		};
/* End PBXFrameworksBuildPhase section */

/* Begin PBXGroup section */
		8B31074127DE7F8100756261 /* Auth */ = {
			isa = PBXGroup;
			children = (
				8BA1310D27DCFCC40073E8A2 /* LoginViewController.swift */,
				8B31073D27DE371300756261 /* SignUpViewController.swift */,
			);
			path = Auth;
			sourceTree = "<group>";
		};
		8BA130E827DCFB050073E8A2 = {
			isa = PBXGroup;
			children = (
				8BA130F327DCFB050073E8A2 /* UberClone */,
				8BA130F227DCFB050073E8A2 /* Products */,
			);
			sourceTree = "<group>";
		};
		8BA130F227DCFB050073E8A2 /* Products */ = {
			isa = PBXGroup;
			children = (
				8BA130F127DCFB050073E8A2 /* UberClone.app */,
			);
			name = Products;
			sourceTree = "<group>";
		};
		8BA130F327DCFB050073E8A2 /* UberClone */ = {
			isa = PBXGroup;
			children = (
				8BA1310C27DCFB520073E8A2 /* Model */,
				8BA1310B27DCFB4E0073E8A2 /* View */,
				8BA1310A27DCFB480073E8A2 /* Controller */,
				8BA1310927DCFB440073E8A2 /* Service */,
				8BA1310827DCFB390073E8A2 /* Utils */,
				8BA130F427DCFB050073E8A2 /* AppDelegate.swift */,
				8BA130F627DCFB050073E8A2 /* SceneDelegate.swift */,
				8BA130FA27DCFB050073E8A2 /* Main.storyboard */,
				8BA130FD27DCFB060073E8A2 /* Assets.xcassets */,
				8BA130FF27DCFB060073E8A2 /* LaunchScreen.storyboard */,
				8BA1310227DCFB060073E8A2 /* Info.plist */,
			);
			path = UberClone;
			sourceTree = "<group>";
		};
		8BA1310827DCFB390073E8A2 /* Utils */ = {
			isa = PBXGroup;
			children = (
				8BA1310F27DD211A0073E8A2 /* Extensions */,
			);
			path = Utils;
			sourceTree = "<group>";
		};
		8BA1310927DCFB440073E8A2 /* Service */ = {
			isa = PBXGroup;
			children = (
			);
			path = Service;
			sourceTree = "<group>";
		};
		8BA1310A27DCFB480073E8A2 /* Controller */ = {
			isa = PBXGroup;
			children = (
				8B31074127DE7F8100756261 /* Auth */,
			);
			path = Controller;
			sourceTree = "<group>";
		};
		8BA1310B27DCFB4E0073E8A2 /* View */ = {
			isa = PBXGroup;
			children = (
				8B31073F27DE789800756261 /* AuthButton.swift */,
			);
			path = View;
			sourceTree = "<group>";
		};
		8BA1310C27DCFB520073E8A2 /* Model */ = {
			isa = PBXGroup;
			children = (
			);
			path = Model;
			sourceTree = "<group>";
		};
		8BA1310F27DD211A0073E8A2 /* Extensions */ = {
			isa = PBXGroup;
			children = (
				8BA1311027DD21300073E8A2 /* UIView+.swift */,
				8BA1311227DD3CA80073E8A2 /* UITextField+.swift */,
				8B31073B27DE29AB00756261 /* UIColor+.swift */,
			);
			path = Extensions;
			sourceTree = "<group>";
		};
/* End PBXGroup section */

/* Begin PBXNativeTarget section */
		8BA130F027DCFB050073E8A2 /* UberClone */ = {
			isa = PBXNativeTarget;
			buildConfigurationList = 8BA1310527DCFB060073E8A2 /* Build configuration list for PBXNativeTarget "UberClone" */;
			buildPhases = (
				8BA130ED27DCFB050073E8A2 /* Sources */,
				8BA130EE27DCFB050073E8A2 /* Frameworks */,
				8BA130EF27DCFB050073E8A2 /* Resources */,
			);
			buildRules = (
			);
			dependencies = (
			);
			name = UberClone;
			productName = UberClone;
			productReference = 8BA130F127DCFB050073E8A2 /* UberClone.app */;
			productType = "com.apple.product-type.application";
		};
/* End PBXNativeTarget section */

/* Begin PBXProject section */
		8BA130E927DCFB050073E8A2 /* Project object */ = {
			isa = PBXProject;
			attributes = {
				BuildIndependentTargetsInParallel = 1;
				LastSwiftUpdateCheck = 1320;
				LastUpgradeCheck = 1320;
				TargetAttributes = {
					8BA130F027DCFB050073E8A2 = {
						CreatedOnToolsVersion = 13.2.1;
					};
				};
			};
			buildConfigurationList = 8BA130EC27DCFB050073E8A2 /* Build configuration list for PBXProject "UberClone" */;
			compatibilityVersion = "Xcode 13.0";
			developmentRegion = en;
			hasScannedForEncodings = 0;
			knownRegions = (
				en,
				Base,
			);
			mainGroup = 8BA130E827DCFB050073E8A2;
			productRefGroup = 8BA130F227DCFB050073E8A2 /* Products */;
			projectDirPath = "";
			projectRoot = "";
			targets = (
				8BA130F027DCFB050073E8A2 /* UberClone */,
			);
		};
/* End PBXProject section */

/* Begin PBXResourcesBuildPhase section */
		8BA130EF27DCFB050073E8A2 /* Resources */ = {
			isa = PBXResourcesBuildPhase;
			buildActionMask = 2147483647;
			files = (
				8BA1310127DCFB060073E8A2 /* LaunchScreen.storyboard in Resources */,
				8BA130FE27DCFB060073E8A2 /* Assets.xcassets in Resources */,
				8BA130FC27DCFB050073E8A2 /* Main.storyboard in Resources */,
			);
			runOnlyForDeploymentPostprocessing = 0;
		};
/* End PBXResourcesBuildPhase section */

/* Begin PBXSourcesBuildPhase section */
		8BA130ED27DCFB050073E8A2 /* Sources */ = {
			isa = PBXSourcesBuildPhase;
			buildActionMask = 2147483647;
			files = (
				8BA1311127DD21300073E8A2 /* UIView+.swift in Sources */,
				8B31074027DE789800756261 /* AuthButton.swift in Sources */,
				8B31073E27DE371300756261 /* SignUpViewController.swift in Sources */,
				8BA1311327DD3CA80073E8A2 /* UITextField+.swift in Sources */,
				8BA1310E27DCFCC40073E8A2 /* LoginViewController.swift in Sources */,
				8BA130F527DCFB050073E8A2 /* AppDelegate.swift in Sources */,
				8BA130F727DCFB050073E8A2 /* SceneDelegate.swift in Sources */,
				8B31073C27DE29AB00756261 /* UIColor+.swift in Sources */,
			);
			runOnlyForDeploymentPostprocessing = 0;
		};
/* End PBXSourcesBuildPhase section */

/* Begin PBXVariantGroup section */
		8BA130FA27DCFB050073E8A2 /* Main.storyboard */ = {
			isa = PBXVariantGroup;
			children = (
				8BA130FB27DCFB050073E8A2 /* Base */,
			);
			name = Main.storyboard;
			sourceTree = "<group>";
		};
		8BA130FF27DCFB060073E8A2 /* LaunchScreen.storyboard */ = {
			isa = PBXVariantGroup;
			children = (
				8BA1310027DCFB060073E8A2 /* Base */,
			);
			name = LaunchScreen.storyboard;
			sourceTree = "<group>";
		};
/* End PBXVariantGroup section */

/* Begin XCBuildConfiguration section */
		8BA1310327DCFB060073E8A2 /* Debug */ = {
			isa = XCBuildConfiguration;
			buildSettings = {
				ALWAYS_SEARCH_USER_PATHS = NO;
				CLANG_ANALYZER_NONNULL = YES;
				CLANG_ANALYZER_NUMBER_OBJECT_CONVERSION = YES_AGGRESSIVE;
				CLANG_CXX_LANGUAGE_STANDARD = "gnu++17";
				CLANG_CXX_LIBRARY = "libc++";
				CLANG_ENABLE_MODULES = YES;
				CLANG_ENABLE_OBJC_ARC = YES;
				CLANG_ENABLE_OBJC_WEAK = YES;
				CLANG_WARN_BLOCK_CAPTURE_AUTORELEASING = YES;
				CLANG_WARN_BOOL_CONVERSION = YES;
				CLANG_WARN_COMMA = YES;
				CLANG_WARN_CONSTANT_CONVERSION = YES;
				CLANG_WARN_DEPRECATED_OBJC_IMPLEMENTATIONS = YES;
				CLANG_WARN_DIRECT_OBJC_ISA_USAGE = YES_ERROR;
				CLANG_WARN_DOCUMENTATION_COMMENTS = YES;
				CLANG_WARN_EMPTY_BODY = YES;
				CLANG_WARN_ENUM_CONVERSION = YES;
				CLANG_WARN_INFINITE_RECURSION = YES;
				CLANG_WARN_INT_CONVERSION = YES;
				CLANG_WARN_NON_LITERAL_NULL_CONVERSION = YES;
				CLANG_WARN_OBJC_IMPLICIT_RETAIN_SELF = YES;
				CLANG_WARN_OBJC_LITERAL_CONVERSION = YES;
				CLANG_WARN_OBJC_ROOT_CLASS = YES_ERROR;
				CLANG_WARN_QUOTED_INCLUDE_IN_FRAMEWORK_HEADER = YES;
				CLANG_WARN_RANGE_LOOP_ANALYSIS = YES;
				CLANG_WARN_STRICT_PROTOTYPES = YES;
				CLANG_WARN_SUSPICIOUS_MOVE = YES;
				CLANG_WARN_UNGUARDED_AVAILABILITY = YES_AGGRESSIVE;
				CLANG_WARN_UNREACHABLE_CODE = YES;
				CLANG_WARN__DUPLICATE_METHOD_MATCH = YES;
				COPY_PHASE_STRIP = NO;
				DEBUG_INFORMATION_FORMAT = dwarf;
				ENABLE_STRICT_OBJC_MSGSEND = YES;
				ENABLE_TESTABILITY = YES;
				GCC_C_LANGUAGE_STANDARD = gnu11;
				GCC_DYNAMIC_NO_PIC = NO;
				GCC_NO_COMMON_BLOCKS = YES;
				GCC_OPTIMIZATION_LEVEL = 0;
				GCC_PREPROCESSOR_DEFINITIONS = (
					"DEBUG=1",
					"$(inherited)",
				);
				GCC_WARN_64_TO_32_BIT_CONVERSION = YES;
				GCC_WARN_ABOUT_RETURN_TYPE = YES_ERROR;
				GCC_WARN_UNDECLARED_SELECTOR = YES;
				GCC_WARN_UNINITIALIZED_AUTOS = YES_AGGRESSIVE;
				GCC_WARN_UNUSED_FUNCTION = YES;
				GCC_WARN_UNUSED_VARIABLE = YES;
				IPHONEOS_DEPLOYMENT_TARGET = 15.2;
				MTL_ENABLE_DEBUG_INFO = INCLUDE_SOURCE;
				MTL_FAST_MATH = YES;
				ONLY_ACTIVE_ARCH = YES;
				SDKROOT = iphoneos;
				SWIFT_ACTIVE_COMPILATION_CONDITIONS = DEBUG;
				SWIFT_OPTIMIZATION_LEVEL = "-Onone";
			};
			name = Debug;
		};
		8BA1310427DCFB060073E8A2 /* Release */ = {
			isa = XCBuildConfiguration;
			buildSettings = {
				ALWAYS_SEARCH_USER_PATHS = NO;
				CLANG_ANALYZER_NONNULL = YES;
				CLANG_ANALYZER_NUMBER_OBJECT_CONVERSION = YES_AGGRESSIVE;
				CLANG_CXX_LANGUAGE_STANDARD = "gnu++17";
				CLANG_CXX_LIBRARY = "libc++";
				CLANG_ENABLE_MODULES = YES;
				CLANG_ENABLE_OBJC_ARC = YES;
				CLANG_ENABLE_OBJC_WEAK = YES;
				CLANG_WARN_BLOCK_CAPTURE_AUTORELEASING = YES;
				CLANG_WARN_BOOL_CONVERSION = YES;
				CLANG_WARN_COMMA = YES;
				CLANG_WARN_CONSTANT_CONVERSION = YES;
				CLANG_WARN_DEPRECATED_OBJC_IMPLEMENTATIONS = YES;
				CLANG_WARN_DIRECT_OBJC_ISA_USAGE = YES_ERROR;
				CLANG_WARN_DOCUMENTATION_COMMENTS = YES;
				CLANG_WARN_EMPTY_BODY = YES;
				CLANG_WARN_ENUM_CONVERSION = YES;
				CLANG_WARN_INFINITE_RECURSION = YES;
				CLANG_WARN_INT_CONVERSION = YES;
				CLANG_WARN_NON_LITERAL_NULL_CONVERSION = YES;
				CLANG_WARN_OBJC_IMPLICIT_RETAIN_SELF = YES;
				CLANG_WARN_OBJC_LITERAL_CONVERSION = YES;
				CLANG_WARN_OBJC_ROOT_CLASS = YES_ERROR;
				CLANG_WARN_QUOTED_INCLUDE_IN_FRAMEWORK_HEADER = YES;
				CLANG_WARN_RANGE_LOOP_ANALYSIS = YES;
				CLANG_WARN_STRICT_PROTOTYPES = YES;
				CLANG_WARN_SUSPICIOUS_MOVE = YES;
				CLANG_WARN_UNGUARDED_AVAILABILITY = YES_AGGRESSIVE;
				CLANG_WARN_UNREACHABLE_CODE = YES;
				CLANG_WARN__DUPLICATE_METHOD_MATCH = YES;
				COPY_PHASE_STRIP = NO;
				DEBUG_INFORMATION_FORMAT = "dwarf-with-dsym";
				ENABLE_NS_ASSERTIONS = NO;
				ENABLE_STRICT_OBJC_MSGSEND = YES;
				GCC_C_LANGUAGE_STANDARD = gnu11;
				GCC_NO_COMMON_BLOCKS = YES;
				GCC_WARN_64_TO_32_BIT_CONVERSION = YES;
				GCC_WARN_ABOUT_RETURN_TYPE = YES_ERROR;
				GCC_WARN_UNDECLARED_SELECTOR = YES;
				GCC_WARN_UNINITIALIZED_AUTOS = YES_AGGRESSIVE;
				GCC_WARN_UNUSED_FUNCTION = YES;
				GCC_WARN_UNUSED_VARIABLE = YES;
				IPHONEOS_DEPLOYMENT_TARGET = 15.2;
				MTL_ENABLE_DEBUG_INFO = NO;
				MTL_FAST_MATH = YES;
				SDKROOT = iphoneos;
				SWIFT_COMPILATION_MODE = wholemodule;
				SWIFT_OPTIMIZATION_LEVEL = "-O";
				VALIDATE_PRODUCT = YES;
			};
			name = Release;
		};
		8BA1310627DCFB060073E8A2 /* Debug */ = {
			isa = XCBuildConfiguration;
			buildSettings = {
				ASSETCATALOG_COMPILER_APPICON_NAME = AppIcon;
				ASSETCATALOG_COMPILER_GLOBAL_ACCENT_COLOR_NAME = AccentColor;
				CODE_SIGN_STYLE = Automatic;
				CURRENT_PROJECT_VERSION = 1;
				DEVELOPMENT_TEAM = 5KS9FNV4HL;
				GENERATE_INFOPLIST_FILE = YES;
				INFOPLIST_FILE = UberClone/Info.plist;
				INFOPLIST_KEY_UIApplicationSupportsIndirectInputEvents = YES;
				INFOPLIST_KEY_UILaunchStoryboardName = LaunchScreen;
				INFOPLIST_KEY_UIMainStoryboardFile = Main;
				INFOPLIST_KEY_UISupportedInterfaceOrientations_iPad = "UIInterfaceOrientationPortrait UIInterfaceOrientationPortraitUpsideDown UIInterfaceOrientationLandscapeLeft UIInterfaceOrientationLandscapeRight";
				INFOPLIST_KEY_UISupportedInterfaceOrientations_iPhone = "UIInterfaceOrientationPortrait UIInterfaceOrientationLandscapeLeft UIInterfaceOrientationLandscapeRight";
				LD_RUNPATH_SEARCH_PATHS = (
					"$(inherited)",
					"@executable_path/Frameworks",
				);
				MARKETING_VERSION = 1.0;
				PRODUCT_BUNDLE_IDENTIFIER = com.aheng.UberClone;
				PRODUCT_NAME = "$(TARGET_NAME)";
				SWIFT_EMIT_LOC_STRINGS = YES;
				SWIFT_VERSION = 5.0;
				TARGETED_DEVICE_FAMILY = "1,2";
			};
			name = Debug;
		};
		8BA1310727DCFB060073E8A2 /* Release */ = {
			isa = XCBuildConfiguration;
			buildSettings = {
				ASSETCATALOG_COMPILER_APPICON_NAME = AppIcon;
				ASSETCATALOG_COMPILER_GLOBAL_ACCENT_COLOR_NAME = AccentColor;
				CODE_SIGN_STYLE = Automatic;
				CURRENT_PROJECT_VERSION = 1;
				DEVELOPMENT_TEAM = 5KS9FNV4HL;
				GENERATE_INFOPLIST_FILE = YES;
				INFOPLIST_FILE = UberClone/Info.plist;
				INFOPLIST_KEY_UIApplicationSupportsIndirectInputEvents = YES;
				INFOPLIST_KEY_UILaunchStoryboardName = LaunchScreen;
				INFOPLIST_KEY_UIMainStoryboardFile = Main;
				INFOPLIST_KEY_UISupportedInterfaceOrientations_iPad = "UIInterfaceOrientationPortrait UIInterfaceOrientationPortraitUpsideDown UIInterfaceOrientationLandscapeLeft UIInterfaceOrientationLandscapeRight";
				INFOPLIST_KEY_UISupportedInterfaceOrientations_iPhone = "UIInterfaceOrientationPortrait UIInterfaceOrientationLandscapeLeft UIInterfaceOrientationLandscapeRight";
				LD_RUNPATH_SEARCH_PATHS = (
					"$(inherited)",
					"@executable_path/Frameworks",
				);
				MARKETING_VERSION = 1.0;
				PRODUCT_BUNDLE_IDENTIFIER = com.aheng.UberClone;
				PRODUCT_NAME = "$(TARGET_NAME)";
				SWIFT_EMIT_LOC_STRINGS = YES;
				SWIFT_VERSION = 5.0;
				TARGETED_DEVICE_FAMILY = "1,2";
			};
			name = Release;
		};
/* End XCBuildConfiguration section */

/* Begin XCConfigurationList section */
		8BA130EC27DCFB050073E8A2 /* Build configuration list for PBXProject "UberClone" */ = {
			isa = XCConfigurationList;
			buildConfigurations = (
				8BA1310327DCFB060073E8A2 /* Debug */,
				8BA1310427DCFB060073E8A2 /* Release */,
			);
			defaultConfigurationIsVisible = 0;
			defaultConfigurationName = Release;
		};
		8BA1310527DCFB060073E8A2 /* Build configuration list for PBXNativeTarget "UberClone" */ = {
			isa = XCConfigurationList;
			buildConfigurations = (
				8BA1310627DCFB060073E8A2 /* Debug */,
				8BA1310727DCFB060073E8A2 /* Release */,
			);
			defaultConfigurationIsVisible = 0;
			defaultConfigurationName = Release;
		};
/* End XCConfigurationList section */
	};
	rootObject = 8BA130E927DCFB050073E8A2 /* Project object */;
}
